
Microsoft Visual Studio Solution File, Format Version 12.00
Project("{FAE04EC0-301F-11D3-BF4B-00C04F79EFBC}") = "LemonLime", "LemonLime\LemonLime.csproj", "{B2579191-0109-4E68-B07B-F3DA6E5F2337}"
EndProject
Global
	GlobalSection(SolutionConfigurationPlatforms) = preSolution
		Debug|Any CPU = Debug|Any CPU
		Release|Any CPU = Release|Any CPU
	EndGlobalSection
	GlobalSection(ProjectConfigurationPlatforms) = postSolution
		{B2579191-0109-4E68-B07B-F3DA6E5F2337}.Debug|Any CPU.ActiveCfg = Debug|Any CPU
		{B2579191-0109-4E68-B07B-F3DA6E5F2337}.Debug|Any CPU.Build.0 = Debug|Any CPU
		{B2579191-0109-4E68-B07B-F3DA6E5F2337}.Release|Any CPU.ActiveCfg = Release|Any CPU
		{B2579191-0109-4E68-B07B-F3DA6E5F2337}.Release|Any CPU.Build.0 = Release|Any CPU
	EndGlobalSection
EndGlobal
